
Microsoft Visual Studio Solution File, Format Version 12.00
# Visual Studio 15
VisualStudioVersion = 15.0.28307.572
MinimumVisualStudioVersion = 10.0.40219.1
Project("{FAE04EC0-301F-11D3-BF4B-00C04F79EFBC}") = "LogFilesCleanupUtility", "LogFilesCleanupUtility.csproj", "{2747501F-4F10-416B-8619-0B6E765A0379}"
EndProject
Global
	GlobalSection(SolutionConfigurationPlatforms) = preSolution
		Debug|Any CPU = Debug|Any CPU
		Release|Any CPU = Release|Any CPU
	EndGlobalSection
	GlobalSection(ProjectConfigurationPlatforms) = postSolution
		{2747501F-4F10-416B-8619-0B6E765A0379}.Debug|Any CPU.ActiveCfg = Debug|Any CPU
		{2747501F-4F10-416B-8619-0B6E765A0379}.Debug|Any CPU.Build.0 = Debug|Any CPU
		{2747501F-4F10-416B-8619-0B6E765A0379}.Release|Any CPU.ActiveCfg = Release|Any CPU
		{2747501F-4F10-416B-8619-0B6E765A0379}.Release|Any CPU.Build.0 = Release|Any CPU
	EndGlobalSection
	GlobalSection(SolutionProperties) = preSolution
		HideSolutionNode = FALSE
	EndGlobalSection
	GlobalSection(ExtensibilityGlobals) = postSolution
		SolutionGuid = {5B266055-09DD-4FE4-B583-E168E7FAFFE8}
	EndGlobalSection
EndGlobal
